
Microsoft Visual Studio Solution File, Format Version 11.00
# Visual Studio 2010
Project("{FAE04EC0-301F-11D3-BF4B-00C04F79EFBC}") = "Assembly-CSharp", "Assembly-CSharp.csproj", "{A6D365DD-C8A5-959C-2CEE-1ACE239BAA0B}"
EndProject
Project("{FAE04EC0-301F-11D3-BF4B-00C04F79EFBC}") = "Assembly-CSharp-Editor", "Assembly-CSharp-Editor.csproj", "{3989A9AF-51D5-A194-A2B9-062BFA1C007F}"
EndProject
Global
	GlobalSection(SolutionConfigurationPlatforms) = preSolution
		Debug|Any CPU = Debug|Any CPU
		Release|Any CPU = Release|Any CPU
	EndGlobalSection
	GlobalSection(ProjectConfigurationPlatforms) = postSolution
		{A6D365DD-C8A5-959C-2CEE-1ACE239BAA0B}.Debug|Any CPU.ActiveCfg = Debug|Any CPU
		{A6D365DD-C8A5-959C-2CEE-1ACE239BAA0B}.Debug|Any CPU.Build.0 = Debug|Any CPU
		{A6D365DD-C8A5-959C-2CEE-1ACE239BAA0B}.Release|Any CPU.ActiveCfg = Release|Any CPU
		{A6D365DD-C8A5-959C-2CEE-1ACE239BAA0B}.Release|Any CPU.Build.0 = Release|Any CPU
		{3989A9AF-51D5-A194-A2B9-062BFA1C007F}.Debug|Any CPU.ActiveCfg = Debug|Any CPU
		{3989A9AF-51D5-A194-A2B9-062BFA1C007F}.Debug|Any CPU.Build.0 = Debug|Any CPU
		{3989A9AF-51D5-A194-A2B9-062BFA1C007F}.Release|Any CPU.ActiveCfg = Release|Any CPU
		{3989A9AF-51D5-A194-A2B9-062BFA1C007F}.Release|Any CPU.Build.0 = Release|Any CPU
	EndGlobalSection
	GlobalSection(SolutionProperties) = preSolution
		HideSolutionNode = FALSE
	EndGlobalSection
EndGlobal
