
Microsoft Visual Studio Solution File, Format Version 11.00
# Visual Studio 2010
Project("{FAE04EC0-301F-11D3-BF4B-00C04F79EFBC}") = "Assembly-CSharp", "Assembly-CSharp.csproj", "{dd65d3a6-a5c8-9c95-2cee-1ace239baa0b}"
EndProject
Project("{FAE04EC0-301F-11D3-BF4B-00C04F79EFBC}") = "Assembly-CSharp-Editor", "Assembly-CSharp-Editor.csproj", "{afa98939-d551-94a1-a2b9-062bfa1c007f}"
EndProject
Global
	GlobalSection(SolutionConfigurationPlatforms) = preSolution
		Debug|Any CPU = Debug|Any CPU
	EndGlobalSection
	GlobalSection(ProjectConfigurationPlatforms) = postSolution
		{dd65d3a6-a5c8-9c95-2cee-1ace239baa0b}.Debug|Any CPU.ActiveCfg = Debug|Any CPU
		{dd65d3a6-a5c8-9c95-2cee-1ace239baa0b}.Debug|Any CPU.Build.0 = Debug|Any CPU
		{afa98939-d551-94a1-a2b9-062bfa1c007f}.Debug|Any CPU.ActiveCfg = Debug|Any CPU
		{afa98939-d551-94a1-a2b9-062bfa1c007f}.Debug|Any CPU.Build.0 = Debug|Any CPU
	EndGlobalSection
	GlobalSection(SolutionProperties) = preSolution
		HideSolutionNode = FALSE
	EndGlobalSection
EndGlobal
